
Microsoft Visual Studio Solution File, Format Version 12.00
# Visual Studio Version 17
VisualStudioVersion = 17.9.34728.123
MinimumVisualStudioVersion = 10.0.40219.1
Project("{FAE04EC0-301F-11D3-BF4B-00C04F79EFBC}") = "AbcRetail", "AbcRetail\AbcRetail.csproj", "{A83EB422-D8EF-45D7-B28D-F863777C034B}"
EndProject
Global
	GlobalSection(SolutionConfigurationPlatforms) = preSolution
		Debug|Any CPU = Debug|Any CPU
		Release|Any CPU = Release|Any CPU
	EndGlobalSection
	GlobalSection(ProjectConfigurationPlatforms) = postSolution
		{A83EB422-D8EF-45D7-B28D-F863777C034B}.Debug|Any CPU.ActiveCfg = Debug|Any CPU
		{A83EB422-D8EF-45D7-B28D-F863777C034B}.Debug|Any CPU.Build.0 = Debug|Any CPU
		{A83EB422-D8EF-45D7-B28D-F863777C034B}.Release|Any CPU.ActiveCfg = Release|Any CPU
		{A83EB422-D8EF-45D7-B28D-F863777C034B}.Release|Any CPU.Build.0 = Release|Any CPU
	EndGlobalSection
	GlobalSection(SolutionProperties) = preSolution
		HideSolutionNode = FALSE
	EndGlobalSection
	GlobalSection(ExtensibilityGlobals) = postSolution
		SolutionGuid = {4BD58796-A65C-47B4-B475-6654E3465FC3}
	EndGlobalSection
EndGlobal
